
Microsoft Visual Studio Solution File, Format Version 12.00
# Visual Studio Version 17
VisualStudioVersion = 17.5.33516.290
MinimumVisualStudioVersion = 10.0.40219.1
Project("{FAE04EC0-301F-11D3-BF4B-00C04F79EFBC}") = "ProperSalads", "ProperSalads\ProperSalads.csproj", "{0D3BB7FC-88E1-4974-814B-639296BC28BC}"
EndProject
Global
	GlobalSection(SolutionConfigurationPlatforms) = preSolution
		Debug|Any CPU = Debug|Any CPU
		Release|Any CPU = Release|Any CPU
	EndGlobalSection
	GlobalSection(ProjectConfigurationPlatforms) = postSolution
		{0D3BB7FC-88E1-4974-814B-639296BC28BC}.Debug|Any CPU.ActiveCfg = Debug|Any CPU
		{0D3BB7FC-88E1-4974-814B-639296BC28BC}.Debug|Any CPU.Build.0 = Debug|Any CPU
		{0D3BB7FC-88E1-4974-814B-639296BC28BC}.Release|Any CPU.ActiveCfg = Release|Any CPU
		{0D3BB7FC-88E1-4974-814B-639296BC28BC}.Release|Any CPU.Build.0 = Release|Any CPU
	EndGlobalSection
	GlobalSection(SolutionProperties) = preSolution
		HideSolutionNode = FALSE
	EndGlobalSection
	GlobalSection(ExtensibilityGlobals) = postSolution
		SolutionGuid = {D876C9D5-8D97-4A85-B19A-CE0C490130FF}
	EndGlobalSection
EndGlobal
